{
  "name": "quality-gate-schema",
  "version": "0.0.1",
  "lockfileVersion": 3,
  "requires": true,
  "packages": {
    "": {
      "name": "quality-gate-schema",
      "version": "0.0.1",
      "license": "MIT",
      "dependencies": {
        "@sourcemeta/jsonschema": "14.0.3"
      }
    },
    "node_modules/@sourcemeta/jsonschema": {
      "version": "14.0.3",
      "resolved": "https://registry.npmjs.org/@sourcemeta/jsonschema/-/jsonschema-14.0.3.tgz",
      "integrity": "sha512-5hUX6Avayk9Q0ma5k55CM7uxqVxTQZ7gcYrRXDXLBRz4efzr8cpck4zLn/5P1EupiOz3cgTY//alOI1W0LVM1A==",
      "cpu": [
        "x64",
        "arm64"
      ],
      "license": "AGPL-3.0",
      "os": [
        "darwin",
        "linux",
        "win32"
      ],
      "bin": {
        "jsonschema": "npm/cli.js"
      },
      "engines": {
        "node": ">=16"
      },
      "funding": {
        "url": "https://github.com/sponsors/sourcemeta"
      }
    }
  }
}
