{
  "name": "quality-gate-schema",
  "version": "0.0.1",
  "lockfileVersion": 3,
  "requires": true,
  "packages": {
    "": {
      "name": "quality-gate-schema",
      "version": "0.0.1",
      "license": "MIT",
      "dependencies": {
        "@sourcemeta/jsonschema": "11.1.1"
      }
    },
    "node_modules/@sourcemeta/jsonschema": {
      "version": "11.1.1",
      "resolved": "https://registry.npmjs.org/@sourcemeta/jsonschema/-/jsonschema-11.1.1.tgz",
      "integrity": "sha512-qppZtRIUvxMGEFnEX9k9yiKQWTPZCClvWRaMtCpnGr+0nCYFDvkoc7Zsd28SCf9WFlz+Ox83YCAJyBTGnzRSzQ==",
      "cpu": [
        "x64",
        "arm64"
      ],
      "license": "AGPL-3.0",
      "os": [
        "darwin",
        "linux",
        "win32"
      ],
      "bin": {
        "jsonschema": "cli.js"
      },
      "engines": {
        "node": ">=16"
      },
      "funding": {
        "url": "https://github.com/sponsors/sourcemeta"
      }
    }
  }
}
