{
  "name": "quality-gate-schema",
  "version": "0.0.1",
  "lockfileVersion": 3,
  "requires": true,
  "packages": {
    "": {
      "name": "quality-gate-schema",
      "version": "0.0.1",
      "license": "MIT",
      "dependencies": {
        "@sourcemeta/jsonschema": "13.2.1"
      }
    },
    "node_modules/@sourcemeta/jsonschema": {
      "version": "13.2.1",
      "resolved": "https://registry.npmjs.org/@sourcemeta/jsonschema/-/jsonschema-13.2.1.tgz",
      "integrity": "sha512-FLVZ3ZGZJrweWhmbqNkyDiq6wJ6S+meFFvik4CGmbd69mwCl1g96aVlfKgIwiYW0YW2CEVUGki4LpDS9S54TVQ==",
      "cpu": [
        "x64",
        "arm64"
      ],
      "license": "AGPL-3.0",
      "os": [
        "darwin",
        "linux",
        "win32"
      ],
      "bin": {
        "jsonschema": "npm/cli.js"
      },
      "engines": {
        "node": ">=16"
      },
      "funding": {
        "url": "https://github.com/sponsors/sourcemeta"
      }
    }
  }
}
